
Microsoft Visual Studio Solution File, Format Version 12.00
# Visual Studio 14
VisualStudioVersion = 14.0.25420.1
MinimumVisualStudioVersion = 10.0.40219.1
Project("{FAE04EC0-301F-11D3-BF4B-00C04F79EFBC}") = "RegistriertKassieren", "RegistriertKassieren\RegistriertKassieren.csproj", "{620047B3-835E-4A34-B148-A5A097769F45}"
EndProject
Project("{FAE04EC0-301F-11D3-BF4B-00C04F79EFBC}") = "RegistriertKassieren.Tests", "RegistriertKassieren.Tests\RegistriertKassieren.Tests.csproj", "{EDDE392A-63D1-4FEE-BEE8-6877A422474A}"
EndProject
Global
	GlobalSection(SolutionConfigurationPlatforms) = preSolution
		Debug|Any CPU = Debug|Any CPU
		Release|Any CPU = Release|Any CPU
	EndGlobalSection
	GlobalSection(ProjectConfigurationPlatforms) = postSolution
		{620047B3-835E-4A34-B148-A5A097769F45}.Debug|Any CPU.ActiveCfg = Debug|Any CPU
		{620047B3-835E-4A34-B148-A5A097769F45}.Debug|Any CPU.Build.0 = Debug|Any CPU
		{620047B3-835E-4A34-B148-A5A097769F45}.Release|Any CPU.ActiveCfg = Release|Any CPU
		{620047B3-835E-4A34-B148-A5A097769F45}.Release|Any CPU.Build.0 = Release|Any CPU
		{EDDE392A-63D1-4FEE-BEE8-6877A422474A}.Debug|Any CPU.ActiveCfg = Debug|Any CPU
		{EDDE392A-63D1-4FEE-BEE8-6877A422474A}.Debug|Any CPU.Build.0 = Debug|Any CPU
		{EDDE392A-63D1-4FEE-BEE8-6877A422474A}.Release|Any CPU.ActiveCfg = Release|Any CPU
		{EDDE392A-63D1-4FEE-BEE8-6877A422474A}.Release|Any CPU.Build.0 = Release|Any CPU
	EndGlobalSection
	GlobalSection(SolutionProperties) = preSolution
		HideSolutionNode = FALSE
	EndGlobalSection
EndGlobal
